
Microsoft Visual Studio Solution File, Format Version 12.00
# Visual Studio 15
VisualStudioVersion = 15.0.28307.271
MinimumVisualStudioVersion = 10.0.40219.1
Project("{FAE04EC0-301F-11D3-BF4B-00C04F79EFBC}") = "BlazorHosted.Server", "BlazorHosted.Server\BlazorHosted.Server.csproj", "{7EC4A04E-A5CA-4930-9301-CF19C2E61A93}"
EndProject
Project("{FAE04EC0-301F-11D3-BF4B-00C04F79EFBC}") = "BlazorHosted.Client", "BlazorHosted.Client\BlazorHosted.Client.csproj", "{4E07B35D-3F6D-4348-B032-740BE8106181}"
EndProject
Project("{FAE04EC0-301F-11D3-BF4B-00C04F79EFBC}") = "BlazorHosted.Shared", "BlazorHosted.Shared\BlazorHosted.Shared.csproj", "{4960A069-6FD0-45F4-90F1-6771DD195D27}"
EndProject
Global
	GlobalSection(SolutionConfigurationPlatforms) = preSolution
		Debug|Any CPU = Debug|Any CPU
		Release|Any CPU = Release|Any CPU
	EndGlobalSection
	GlobalSection(ProjectConfigurationPlatforms) = postSolution
		{7EC4A04E-A5CA-4930-9301-CF19C2E61A93}.Debug|Any CPU.ActiveCfg = Debug|Any CPU
		{7EC4A04E-A5CA-4930-9301-CF19C2E61A93}.Debug|Any CPU.Build.0 = Debug|Any CPU
		{7EC4A04E-A5CA-4930-9301-CF19C2E61A93}.Release|Any CPU.ActiveCfg = Release|Any CPU
		{7EC4A04E-A5CA-4930-9301-CF19C2E61A93}.Release|Any CPU.Build.0 = Release|Any CPU
		{4E07B35D-3F6D-4348-B032-740BE8106181}.Debug|Any CPU.ActiveCfg = Debug|Any CPU
		{4E07B35D-3F6D-4348-B032-740BE8106181}.Debug|Any CPU.Build.0 = Debug|Any CPU
		{4E07B35D-3F6D-4348-B032-740BE8106181}.Release|Any CPU.ActiveCfg = Release|Any CPU
		{4E07B35D-3F6D-4348-B032-740BE8106181}.Release|Any CPU.Build.0 = Release|Any CPU
		{4960A069-6FD0-45F4-90F1-6771DD195D27}.Debug|Any CPU.ActiveCfg = Debug|Any CPU
		{4960A069-6FD0-45F4-90F1-6771DD195D27}.Debug|Any CPU.Build.0 = Debug|Any CPU
		{4960A069-6FD0-45F4-90F1-6771DD195D27}.Release|Any CPU.ActiveCfg = Release|Any CPU
		{4960A069-6FD0-45F4-90F1-6771DD195D27}.Release|Any CPU.Build.0 = Release|Any CPU
	EndGlobalSection
	GlobalSection(SolutionProperties) = preSolution
		HideSolutionNode = FALSE
	EndGlobalSection
	GlobalSection(ExtensibilityGlobals) = postSolution
		SolutionGuid = {B71F5CE8-B7AE-483B-90FE-C21E1448B25F}
	EndGlobalSection
EndGlobal
